<?xml version="1.0" encoding="utf-8"?>
<Project ToolsVersion="4.0" xmlns="http://schemas.microsoft.com/developer/msbuild/2003">
  <ItemGroup>
    <Filter Include="src">
      <UniqueIdentifier>{f9b60c84-3e86-4718-8a70-bf04f09d5adb}</UniqueIdentifier>
    </Filter>
    <Filter Include="src\headers">
      <UniqueIdentifier>{219455a2-7337-43ac-b7c8-f306a15f9501}</UniqueIdentifier>
    </Filter>
  </ItemGroup>
  <ItemGroup>
    <ClInclude Include="src\headers\CEntityGalaxy.h">
      <Filter>src\headers</Filter>
    </ClInclude>
    <ClInclude Include="src\headers\CDrawableStar.h">
      <Filter>src\headers</Filter>
    </ClInclude>
    <ClInclude Include="src\headers\CEntityCloth.h">
      <Filter>src\headers</Filter>
    </ClInclude>
    <ClInclude Include="src\headers\CEntityParticle.h">
      <Filter>src\headers</Filter>
    </ClInclude>
    <ClInclude Include="src\headers\device_compute_grav_forces.h">
      <Filter>src\headers</Filter>
    </ClInclude>
    <ClInclude Include="src\headers\IMoveable.h">
      <Filter>src\headers</Filter>
    </ClInclude>
    <ClInclude Include="src\headers\CPhysics.h">
      <Filter>src\headers</Filter>
    </ClInclude>
    <ClInclude Include="src\headers\C2DVector.h">
      <Filter>src\headers</Filter>
    </ClInclude>
    <ClInclude Include="src\headers\CMoveableParticle.h">
      <Filter>src\headers</Filter>
    </ClInclude>
    <ClInclude Include="src\headers\IEntity.h">
      <Filter>src\headers</Filter>
    </ClInclude>
    <ClInclude Include="src\headers\CDrawableImage.h">
      <Filter>src\headers</Filter>
    </ClInclude>
    <ClInclude Include="src\headers\IDrawable.h">
      <Filter>src\headers</Filter>
    </ClInclude>
    <ClInclude Include="src\headers\CDrawableLink.h">
      <Filter>src\headers</Filter>
    </ClInclude>
    <ClInclude Include="src\headers\CRandom.h">
      <Filter>src\headers</Filter>
    </ClInclude>
    <ClInclude Include="src\headers\CSurface.h">
      <Filter>src\headers</Filter>
    </ClInclude>
  </ItemGroup>
  <ItemGroup>
    <None Include="src\headers\DeviceArray.cuh">
      <Filter>src\headers</Filter>
    </None>
  </ItemGroup>
  <ItemGroup>
    <ClCompile Include="src\main.cpp">
      <Filter>src</Filter>
    </ClCompile>
    <ClCompile Include="src\CPhysics.cpp">
      <Filter>src</Filter>
    </ClCompile>
    <ClCompile Include="src\C2DVector.cpp">
      <Filter>src</Filter>
    </ClCompile>
    <ClCompile Include="src\CSurface.cpp">
      <Filter>src</Filter>
    </ClCompile>
  </ItemGroup>
  <ItemGroup>
    <CudaCompile Include="src\compute_grav.cu">
      <Filter>src</Filter>
    </CudaCompile>
  </ItemGroup>
</Project>